// !$*UTF8*$!
{
	archiveVersion = 1;
	classes = {
	};
	objectVersion = 51;
	objects = {

/* Begin PBXBuildFile section */
		092ABC732857A596EF2990D6 /* Pods_CoffeeCoShifts.framework in Frameworks */ = {isa = PBXBuildFile; fileRef = AEFD5A8192FE7ACD3DD61990 /* Pods_CoffeeCoShifts.framework */; };
		474D48A274145A2E43663C1F /* Pods_CoffeeCoShifts_CoffeeCoShiftsUITests.framework in Frameworks */ = {isa = PBXBuildFile; fileRef = 31D5953739892D1797B027F3 /* Pods_CoffeeCoShifts_CoffeeCoShiftsUITests.framework */; };
		8BB550C7D6CCBB766006ADDC /* Pods_CoffeeCoShiftsTests.framework in Frameworks */ = {isa = PBXBuildFile; fileRef = 6C6D94144B151BB5772CFA5D /* Pods_CoffeeCoShiftsTests.framework */; };
		D015769126C5D2DA0024D902 /* AppDelegate.swift in Sources */ = {isa = PBXBuildFile; fileRef = D015769026C5D2DA0024D902 /* AppDelegate.swift */; };
		D015769326C5D2DA0024D902 /* SceneDelegate.swift in Sources */ = {isa = PBXBuildFile; fileRef = D015769226C5D2DA0024D902 /* SceneDelegate.swift */; };
		D015769526C5D2DA0024D902 /* ShiftsViewController.swift in Sources */ = {isa = PBXBuildFile; fileRef = D015769426C5D2DA0024D902 /* ShiftsViewController.swift */; };
		D015769826C5D2DA0024D902 /* Main.storyboard in Resources */ = {isa = PBXBuildFile; fileRef = D015769626C5D2DA0024D902 /* Main.storyboard */; };
		D015769A26C5D2DB0024D902 /* Assets.xcassets in Resources */ = {isa = PBXBuildFile; fileRef = D015769926C5D2DB0024D902 /* Assets.xcassets */; };
		D015769D26C5D2DB0024D902 /* LaunchScreen.storyboard in Resources */ = {isa = PBXBuildFile; fileRef = D015769B26C5D2DB0024D902 /* LaunchScreen.storyboard */; };
		D01576A826C5D2DC0024D902 /* CoffeeCoShiftsTests.swift in Sources */ = {isa = PBXBuildFile; fileRef = D01576A726C5D2DB0024D902 /* CoffeeCoShiftsTests.swift */; };
		D01576B326C5D2DC0024D902 /* CoffeeCoShiftsUITests.swift in Sources */ = {isa = PBXBuildFile; fileRef = D01576B226C5D2DC0024D902 /* CoffeeCoShiftsUITests.swift */; };
		D01576C826C5E2390024D902 /* BaseCoordinator.swift in Sources */ = {isa = PBXBuildFile; fileRef = D01576C726C5E2390024D902 /* BaseCoordinator.swift */; };
		D01576CC26C5E92D0024D902 /* ShiftTableViewCell.swift in Sources */ = {isa = PBXBuildFile; fileRef = D01576CA26C5E92D0024D902 /* ShiftTableViewCell.swift */; };
		D01576CD26C5E92D0024D902 /* ShiftTableViewCell.xib in Resources */ = {isa = PBXBuildFile; fileRef = D01576CB26C5E92D0024D902 /* ShiftTableViewCell.xib */; };
		D01576CF26C5EF300024D902 /* ShiftsViewModel.swift in Sources */ = {isa = PBXBuildFile; fileRef = D01576CE26C5EF300024D902 /* ShiftsViewModel.swift */; };
		D01576D226C5EF9D0024D902 /* shifts.json in Resources */ = {isa = PBXBuildFile; fileRef = D01576D126C5EF9D0024D902 /* shifts.json */; };
		D01576D526C5F1350024D902 /* ShiftsResponse.swift in Sources */ = {isa = PBXBuildFile; fileRef = D01576D426C5F1350024D902 /* ShiftsResponse.swift */; };
		D01576D726C5F13D0024D902 /* Shift.swift in Sources */ = {isa = PBXBuildFile; fileRef = D01576D626C5F13D0024D902 /* Shift.swift */; };
		D01576D926C5F7C60024D902 /* ShiftsBuilder.swift in Sources */ = {isa = PBXBuildFile; fileRef = D01576D826C5F7C60024D902 /* ShiftsBuilder.swift */; };
		D01576DE26C5FC7C0024D902 /* UIColor+Extension.swift in Sources */ = {isa = PBXBuildFile; fileRef = D01576DD26C5FC7C0024D902 /* UIColor+Extension.swift */; };
		D01576E026C5FE380024D902 /* DateFormatter+Extension.swift in Sources */ = {isa = PBXBuildFile; fileRef = D01576DF26C5FE380024D902 /* DateFormatter+Extension.swift */; };
		D0D68F9026C680CD00F2B039 /* AddNewShiftViewController.swift in Sources */ = {isa = PBXBuildFile; fileRef = D0D68F8E26C680CD00F2B039 /* AddNewShiftViewController.swift */; };
		D0D68F9126C680CD00F2B039 /* AddNewShiftViewController.xib in Resources */ = {isa = PBXBuildFile; fileRef = D0D68F8F26C680CD00F2B039 /* AddNewShiftViewController.xib */; };
		D0D68F9326C686AB00F2B039 /* ShiftsCoordinator.swift in Sources */ = {isa = PBXBuildFile; fileRef = D0D68F9226C686AB00F2B039 /* ShiftsCoordinator.swift */; };
		D0D68F9526C6878300F2B039 /* UIViewController+Extensions.swift in Sources */ = {isa = PBXBuildFile; fileRef = D0D68F9426C6878300F2B039 /* UIViewController+Extensions.swift */; };
		D0D68F9826C687BD00F2B039 /* AddNewShiftBuilder.swift in Sources */ = {isa = PBXBuildFile; fileRef = D0D68F9726C687BD00F2B039 /* AddNewShiftBuilder.swift */; };
/* End PBXBuildFile section */

/* Begin PBXContainerItemProxy section */
		D01576A426C5D2DB0024D902 /* PBXContainerItemProxy */ = {
			isa = PBXContainerItemProxy;
			containerPortal = D015768526C5D2DA0024D902 /* Project object */;
			proxyType = 1;
			remoteGlobalIDString = D015768C26C5D2DA0024D902;
			remoteInfo = CoffeeCoShifts;
		};
		D01576AF26C5D2DC0024D902 /* PBXContainerItemProxy */ = {
			isa = PBXContainerItemProxy;
			containerPortal = D015768526C5D2DA0024D902 /* Project object */;
			proxyType = 1;
			remoteGlobalIDString = D015768C26C5D2DA0024D902;
			remoteInfo = CoffeeCoShifts;
		};
/* End PBXContainerItemProxy section */

/* Begin PBXFileReference section */
		31D5953739892D1797B027F3 /* Pods_CoffeeCoShifts_CoffeeCoShiftsUITests.framework */ = {isa = PBXFileReference; explicitFileType = wrapper.framework; includeInIndex = 0; path = Pods_CoffeeCoShifts_CoffeeCoShiftsUITests.framework; sourceTree = BUILT_PRODUCTS_DIR; };
		6A45ACBE01F7283F00067309 /* Pods-CoffeeCoShifts.debug.xcconfig */ = {isa = PBXFileReference; includeInIndex = 1; lastKnownFileType = text.xcconfig; name = "Pods-CoffeeCoShifts.debug.xcconfig"; path = "Target Support Files/Pods-CoffeeCoShifts/Pods-CoffeeCoShifts.debug.xcconfig"; sourceTree = "<group>"; };
		6C6D94144B151BB5772CFA5D /* Pods_CoffeeCoShiftsTests.framework */ = {isa = PBXFileReference; explicitFileType = wrapper.framework; includeInIndex = 0; path = Pods_CoffeeCoShiftsTests.framework; sourceTree = BUILT_PRODUCTS_DIR; };
		84FCEFF5C1378018A0ECEB9A /* Pods-CoffeeCoShiftsTests.release.xcconfig */ = {isa = PBXFileReference; includeInIndex = 1; lastKnownFileType = text.xcconfig; name = "Pods-CoffeeCoShiftsTests.release.xcconfig"; path = "Target Support Files/Pods-CoffeeCoShiftsTests/Pods-CoffeeCoShiftsTests.release.xcconfig"; sourceTree = "<group>"; };
		88873F5050A2F1D9124F363C /* Pods-CoffeeCoShiftsTests.debug.xcconfig */ = {isa = PBXFileReference; includeInIndex = 1; lastKnownFileType = text.xcconfig; name = "Pods-CoffeeCoShiftsTests.debug.xcconfig"; path = "Target Support Files/Pods-CoffeeCoShiftsTests/Pods-CoffeeCoShiftsTests.debug.xcconfig"; sourceTree = "<group>"; };
		A862BE33F8C2594E749CC973 /* Pods-CoffeeCoShifts-CoffeeCoShiftsUITests.release.xcconfig */ = {isa = PBXFileReference; includeInIndex = 1; lastKnownFileType = text.xcconfig; name = "Pods-CoffeeCoShifts-CoffeeCoShiftsUITests.release.xcconfig"; path = "Target Support Files/Pods-CoffeeCoShifts-CoffeeCoShiftsUITests/Pods-CoffeeCoShifts-CoffeeCoShiftsUITests.release.xcconfig"; sourceTree = "<group>"; };
		AEFD5A8192FE7ACD3DD61990 /* Pods_CoffeeCoShifts.framework */ = {isa = PBXFileReference; explicitFileType = wrapper.framework; includeInIndex = 0; path = Pods_CoffeeCoShifts.framework; sourceTree = BUILT_PRODUCTS_DIR; };
		D015768D26C5D2DA0024D902 /* CoffeeCoShifts.app */ = {isa = PBXFileReference; explicitFileType = wrapper.application; includeInIndex = 0; path = CoffeeCoShifts.app; sourceTree = BUILT_PRODUCTS_DIR; };
		D015769026C5D2DA0024D902 /* AppDelegate.swift */ = {isa = PBXFileReference; lastKnownFileType = sourcecode.swift; path = AppDelegate.swift; sourceTree = "<group>"; };
		D015769226C5D2DA0024D902 /* SceneDelegate.swift */ = {isa = PBXFileReference; lastKnownFileType = sourcecode.swift; path = SceneDelegate.swift; sourceTree = "<group>"; };
		D015769426C5D2DA0024D902 /* ShiftsViewController.swift */ = {isa = PBXFileReference; lastKnownFileType = sourcecode.swift; path = ShiftsViewController.swift; sourceTree = "<group>"; };
		D015769726C5D2DA0024D902 /* Base */ = {isa = PBXFileReference; lastKnownFileType = file.storyboard; name = Base; path = Base.lproj/Main.storyboard; sourceTree = "<group>"; };
		D015769926C5D2DB0024D902 /* Assets.xcassets */ = {isa = PBXFileReference; lastKnownFileType = folder.assetcatalog; path = Assets.xcassets; sourceTree = "<group>"; };
		D015769C26C5D2DB0024D902 /* Base */ = {isa = PBXFileReference; lastKnownFileType = file.storyboard; name = Base; path = Base.lproj/LaunchScreen.storyboard; sourceTree = "<group>"; };
		D015769E26C5D2DB0024D902 /* Info.plist */ = {isa = PBXFileReference; lastKnownFileType = text.plist.xml; path = Info.plist; sourceTree = "<group>"; };
		D01576A326C5D2DB0024D902 /* CoffeeCoShiftsTests.xctest */ = {isa = PBXFileReference; explicitFileType = wrapper.cfbundle; includeInIndex = 0; path = CoffeeCoShiftsTests.xctest; sourceTree = BUILT_PRODUCTS_DIR; };
		D01576A726C5D2DB0024D902 /* CoffeeCoShiftsTests.swift */ = {isa = PBXFileReference; lastKnownFileType = sourcecode.swift; path = CoffeeCoShiftsTests.swift; sourceTree = "<group>"; };
		D01576A926C5D2DC0024D902 /* Info.plist */ = {isa = PBXFileReference; lastKnownFileType = text.plist.xml; path = Info.plist; sourceTree = "<group>"; };
		D01576AE26C5D2DC0024D902 /* CoffeeCoShiftsUITests.xctest */ = {isa = PBXFileReference; explicitFileType = wrapper.cfbundle; includeInIndex = 0; path = CoffeeCoShiftsUITests.xctest; sourceTree = BUILT_PRODUCTS_DIR; };
		D01576B226C5D2DC0024D902 /* CoffeeCoShiftsUITests.swift */ = {isa = PBXFileReference; lastKnownFileType = sourcecode.swift; path = CoffeeCoShiftsUITests.swift; sourceTree = "<group>"; };
		D01576B426C5D2DC0024D902 /* Info.plist */ = {isa = PBXFileReference; lastKnownFileType = text.plist.xml; path = Info.plist; sourceTree = "<group>"; };
		D01576C726C5E2390024D902 /* BaseCoordinator.swift */ = {isa = PBXFileReference; lastKnownFileType = sourcecode.swift; path = BaseCoordinator.swift; sourceTree = "<group>"; };
		D01576CA26C5E92D0024D902 /* ShiftTableViewCell.swift */ = {isa = PBXFileReference; lastKnownFileType = sourcecode.swift; path = ShiftTableViewCell.swift; sourceTree = "<group>"; };
		D01576CB26C5E92D0024D902 /* ShiftTableViewCell.xib */ = {isa = PBXFileReference; lastKnownFileType = file.xib; path = ShiftTableViewCell.xib; sourceTree = "<group>"; };
		D01576CE26C5EF300024D902 /* ShiftsViewModel.swift */ = {isa = PBXFileReference; lastKnownFileType = sourcecode.swift; path = ShiftsViewModel.swift; sourceTree = "<group>"; };
		D01576D126C5EF9D0024D902 /* shifts.json */ = {isa = PBXFileReference; fileEncoding = 4; lastKnownFileType = text.json; path = shifts.json; sourceTree = "<group>"; };
		D01576D426C5F1350024D902 /* ShiftsResponse.swift */ = {isa = PBXFileReference; lastKnownFileType = sourcecode.swift; path = ShiftsResponse.swift; sourceTree = "<group>"; };
		D01576D626C5F13D0024D902 /* Shift.swift */ = {isa = PBXFileReference; lastKnownFileType = sourcecode.swift; path = Shift.swift; sourceTree = "<group>"; };
		D01576D826C5F7C60024D902 /* ShiftsBuilder.swift */ = {isa = PBXFileReference; lastKnownFileType = sourcecode.swift; path = ShiftsBuilder.swift; sourceTree = "<group>"; };
		D01576DD26C5FC7C0024D902 /* UIColor+Extension.swift */ = {isa = PBXFileReference; lastKnownFileType = sourcecode.swift; path = "UIColor+Extension.swift"; sourceTree = "<group>"; };
		D01576DF26C5FE380024D902 /* DateFormatter+Extension.swift */ = {isa = PBXFileReference; lastKnownFileType = sourcecode.swift; path = "DateFormatter+Extension.swift"; sourceTree = "<group>"; };
		D0D68F8E26C680CD00F2B039 /* AddNewShiftViewController.swift */ = {isa = PBXFileReference; lastKnownFileType = sourcecode.swift; path = AddNewShiftViewController.swift; sourceTree = "<group>"; };
		D0D68F8F26C680CD00F2B039 /* AddNewShiftViewController.xib */ = {isa = PBXFileReference; lastKnownFileType = file.xib; path = AddNewShiftViewController.xib; sourceTree = "<group>"; };
		D0D68F9226C686AB00F2B039 /* ShiftsCoordinator.swift */ = {isa = PBXFileReference; lastKnownFileType = sourcecode.swift; path = ShiftsCoordinator.swift; sourceTree = "<group>"; };
		D0D68F9426C6878300F2B039 /* UIViewController+Extensions.swift */ = {isa = PBXFileReference; lastKnownFileType = sourcecode.swift; path = "UIViewController+Extensions.swift"; sourceTree = "<group>"; };
		D0D68F9726C687BD00F2B039 /* AddNewShiftBuilder.swift */ = {isa = PBXFileReference; lastKnownFileType = sourcecode.swift; path = AddNewShiftBuilder.swift; sourceTree = "<group>"; };
		F1729F501D9100AAED91B801 /* Pods-CoffeeCoShifts.release.xcconfig */ = {isa = PBXFileReference; includeInIndex = 1; lastKnownFileType = text.xcconfig; name = "Pods-CoffeeCoShifts.release.xcconfig"; path = "Target Support Files/Pods-CoffeeCoShifts/Pods-CoffeeCoShifts.release.xcconfig"; sourceTree = "<group>"; };
		F6410537D8CFE7B1661264AB /* Pods-CoffeeCoShifts-CoffeeCoShiftsUITests.debug.xcconfig */ = {isa = PBXFileReference; includeInIndex = 1; lastKnownFileType = text.xcconfig; name = "Pods-CoffeeCoShifts-CoffeeCoShiftsUITests.debug.xcconfig"; path = "Target Support Files/Pods-CoffeeCoShifts-CoffeeCoShiftsUITests/Pods-CoffeeCoShifts-CoffeeCoShiftsUITests.debug.xcconfig"; sourceTree = "<group>"; };
/* End PBXFileReference section */

/* Begin PBXFrameworksBuildPhase section */
		D015768A26C5D2DA0024D902 /* Frameworks */ = {
			isa = PBXFrameworksBuildPhase;
			buildActionMask = 2147483647;
			files = (
				092ABC732857A596EF2990D6 /* Pods_CoffeeCoShifts.framework in Frameworks */,
			);
			runOnlyForDeploymentPostprocessing = 0;
		};
		D01576A026C5D2DB0024D902 /* Frameworks */ = {
			isa = PBXFrameworksBuildPhase;
			buildActionMask = 2147483647;
			files = (
				8BB550C7D6CCBB766006ADDC /* Pods_CoffeeCoShiftsTests.framework in Frameworks */,
			);
			runOnlyForDeploymentPostprocessing = 0;
		};
		D01576AB26C5D2DC0024D902 /* Frameworks */ = {
			isa = PBXFrameworksBuildPhase;
			buildActionMask = 2147483647;
			files = (
				474D48A274145A2E43663C1F /* Pods_CoffeeCoShifts_CoffeeCoShiftsUITests.framework in Frameworks */,
			);
			runOnlyForDeploymentPostprocessing = 0;
		};
/* End PBXFrameworksBuildPhase section */

/* Begin PBXGroup section */
		D015768426C5D2DA0024D902 = {
			isa = PBXGroup;
			children = (
				D015768F26C5D2DA0024D902 /* CoffeeCoShifts */,
				D01576A626C5D2DB0024D902 /* CoffeeCoShiftsTests */,
				D01576B126C5D2DC0024D902 /* CoffeeCoShiftsUITests */,
				D015768E26C5D2DA0024D902 /* Products */,
				DDE71A6876D225DE1150B267 /* Pods */,
				D426F3DED242CF4BA52584A6 /* Frameworks */,
			);
			sourceTree = "<group>";
		};
		D015768E26C5D2DA0024D902 /* Products */ = {
			isa = PBXGroup;
			children = (
				D015768D26C5D2DA0024D902 /* CoffeeCoShifts.app */,
				D01576A326C5D2DB0024D902 /* CoffeeCoShiftsTests.xctest */,
				D01576AE26C5D2DC0024D902 /* CoffeeCoShiftsUITests.xctest */,
			);
			name = Products;
			sourceTree = "<group>";
		};
		D015768F26C5D2DA0024D902 /* CoffeeCoShifts */ = {
			isa = PBXGroup;
			children = (
				D0D68F8B26C680A100F2B039 /* Modules */,
				D01576DC26C5FC710024D902 /* Extension */,
				D01576D026C5EF930024D902 /* Resources */,
				D01576C626C5E22F0024D902 /* Base */,
				D015769026C5D2DA0024D902 /* AppDelegate.swift */,
				D015769226C5D2DA0024D902 /* SceneDelegate.swift */,
				D015769926C5D2DB0024D902 /* Assets.xcassets */,
				D015769B26C5D2DB0024D902 /* LaunchScreen.storyboard */,
				D015769E26C5D2DB0024D902 /* Info.plist */,
			);
			path = CoffeeCoShifts;
			sourceTree = "<group>";
		};
		D01576A626C5D2DB0024D902 /* CoffeeCoShiftsTests */ = {
			isa = PBXGroup;
			children = (
				D01576A726C5D2DB0024D902 /* CoffeeCoShiftsTests.swift */,
				D01576A926C5D2DC0024D902 /* Info.plist */,
			);
			path = CoffeeCoShiftsTests;
			sourceTree = "<group>";
		};
		D01576B126C5D2DC0024D902 /* CoffeeCoShiftsUITests */ = {
			isa = PBXGroup;
			children = (
				D01576B226C5D2DC0024D902 /* CoffeeCoShiftsUITests.swift */,
				D01576B426C5D2DC0024D902 /* Info.plist */,
			);
			path = CoffeeCoShiftsUITests;
			sourceTree = "<group>";
		};
		D01576C026C5E0500024D902 /* CoffeShiftList */ = {
			isa = PBXGroup;
			children = (
				D01576C926C5E8FA0024D902 /* Cells */,
				D01576C526C5E07D0024D902 /* Builder */,
				D01576C426C5E0760024D902 /* Coordinator */,
				D01576C326C5E0710024D902 /* Model */,
				D01576C226C5E0690024D902 /* ViewModel */,
				D01576C126C5E05E0024D902 /* View */,
			);
			path = CoffeShiftList;
			sourceTree = "<group>";
		};
		D01576C126C5E05E0024D902 /* View */ = {
			isa = PBXGroup;
			children = (
				D015769426C5D2DA0024D902 /* ShiftsViewController.swift */,
				D015769626C5D2DA0024D902 /* Main.storyboard */,
			);
			path = View;
			sourceTree = "<group>";
		};
		D01576C226C5E0690024D902 /* ViewModel */ = {
			isa = PBXGroup;
			children = (
				D01576CE26C5EF300024D902 /* ShiftsViewModel.swift */,
			);
			path = ViewModel;
			sourceTree = "<group>";
		};
		D01576C326C5E0710024D902 /* Model */ = {
			isa = PBXGroup;
			children = (
				D01576D426C5F1350024D902 /* ShiftsResponse.swift */,
				D01576D626C5F13D0024D902 /* Shift.swift */,
			);
			path = Model;
			sourceTree = "<group>";
		};
		D01576C426C5E0760024D902 /* Coordinator */ = {
			isa = PBXGroup;
			children = (
				D0D68F9226C686AB00F2B039 /* ShiftsCoordinator.swift */,
			);
			path = Coordinator;
			sourceTree = "<group>";
		};
		D01576C526C5E07D0024D902 /* Builder */ = {
			isa = PBXGroup;
			children = (
				D01576D826C5F7C60024D902 /* ShiftsBuilder.swift */,
			);
			path = Builder;
			sourceTree = "<group>";
		};
		D01576C626C5E22F0024D902 /* Base */ = {
			isa = PBXGroup;
			children = (
				D01576C726C5E2390024D902 /* BaseCoordinator.swift */,
			);
			path = Base;
			sourceTree = "<group>";
		};
		D01576C926C5E8FA0024D902 /* Cells */ = {
			isa = PBXGroup;
			children = (
				D01576CA26C5E92D0024D902 /* ShiftTableViewCell.swift */,
				D01576CB26C5E92D0024D902 /* ShiftTableViewCell.xib */,
			);
			path = Cells;
			sourceTree = "<group>";
		};
		D01576D026C5EF930024D902 /* Resources */ = {
			isa = PBXGroup;
			children = (
				D01576D126C5EF9D0024D902 /* shifts.json */,
			);
			path = Resources;
			sourceTree = "<group>";
		};
		D01576DC26C5FC710024D902 /* Extension */ = {
			isa = PBXGroup;
			children = (
				D01576DD26C5FC7C0024D902 /* UIColor+Extension.swift */,
				D01576DF26C5FE380024D902 /* DateFormatter+Extension.swift */,
				D0D68F9426C6878300F2B039 /* UIViewController+Extensions.swift */,
			);
			path = Extension;
			sourceTree = "<group>";
		};
		D0D68F8B26C680A100F2B039 /* Modules */ = {
			isa = PBXGroup;
			children = (
				D0D68F8C26C680A800F2B039 /* AddNewShiftForm */,
				D01576C026C5E0500024D902 /* CoffeShiftList */,
			);
			path = Modules;
			sourceTree = "<group>";
		};
		D0D68F8C26C680A800F2B039 /* AddNewShiftForm */ = {
			isa = PBXGroup;
			children = (
				D0D68F9626C687B100F2B039 /* Builder */,
				D0D68F8D26C680B600F2B039 /* View */,
			);
			path = AddNewShiftForm;
			sourceTree = "<group>";
		};
		D0D68F8D26C680B600F2B039 /* View */ = {
			isa = PBXGroup;
			children = (
				D0D68F8E26C680CD00F2B039 /* AddNewShiftViewController.swift */,
				D0D68F8F26C680CD00F2B039 /* AddNewShiftViewController.xib */,
			);
			path = View;
			sourceTree = "<group>";
		};
		D0D68F9626C687B100F2B039 /* Builder */ = {
			isa = PBXGroup;
			children = (
				D0D68F9726C687BD00F2B039 /* AddNewShiftBuilder.swift */,
			);
			path = Builder;
			sourceTree = "<group>";
		};
		D426F3DED242CF4BA52584A6 /* Frameworks */ = {
			isa = PBXGroup;
			children = (
				AEFD5A8192FE7ACD3DD61990 /* Pods_CoffeeCoShifts.framework */,
				31D5953739892D1797B027F3 /* Pods_CoffeeCoShifts_CoffeeCoShiftsUITests.framework */,
				6C6D94144B151BB5772CFA5D /* Pods_CoffeeCoShiftsTests.framework */,
			);
			name = Frameworks;
			sourceTree = "<group>";
		};
		DDE71A6876D225DE1150B267 /* Pods */ = {
			isa = PBXGroup;
			children = (
				6A45ACBE01F7283F00067309 /* Pods-CoffeeCoShifts.debug.xcconfig */,
				F1729F501D9100AAED91B801 /* Pods-CoffeeCoShifts.release.xcconfig */,
				F6410537D8CFE7B1661264AB /* Pods-CoffeeCoShifts-CoffeeCoShiftsUITests.debug.xcconfig */,
				A862BE33F8C2594E749CC973 /* Pods-CoffeeCoShifts-CoffeeCoShiftsUITests.release.xcconfig */,
				88873F5050A2F1D9124F363C /* Pods-CoffeeCoShiftsTests.debug.xcconfig */,
				84FCEFF5C1378018A0ECEB9A /* Pods-CoffeeCoShiftsTests.release.xcconfig */,
			);
			path = Pods;
			sourceTree = "<group>";
		};
/* End PBXGroup section */

/* Begin PBXNativeTarget section */
		D015768C26C5D2DA0024D902 /* CoffeeCoShifts */ = {
			isa = PBXNativeTarget;
			buildConfigurationList = D01576B726C5D2DC0024D902 /* Build configuration list for PBXNativeTarget "CoffeeCoShifts" */;
			buildPhases = (
				8AF7C075012F34AC44C3B467 /* [CP] Check Pods Manifest.lock */,
				D015768926C5D2DA0024D902 /* Sources */,
				D015768A26C5D2DA0024D902 /* Frameworks */,
				D015768B26C5D2DA0024D902 /* Resources */,
				93294E2E3933545FE3947BFA /* [CP] Embed Pods Frameworks */,
			);
			buildRules = (
			);
			dependencies = (
			);
			name = CoffeeCoShifts;
			productName = CoffeeCoShifts;
			productReference = D015768D26C5D2DA0024D902 /* CoffeeCoShifts.app */;
			productType = "com.apple.product-type.application";
		};
		D01576A226C5D2DB0024D902 /* CoffeeCoShiftsTests */ = {
			isa = PBXNativeTarget;
			buildConfigurationList = D01576BA26C5D2DC0024D902 /* Build configuration list for PBXNativeTarget "CoffeeCoShiftsTests" */;
			buildPhases = (
				FAB862181018E87E12D77154 /* [CP] Check Pods Manifest.lock */,
				D015769F26C5D2DB0024D902 /* Sources */,
				D01576A026C5D2DB0024D902 /* Frameworks */,
				D01576A126C5D2DB0024D902 /* Resources */,
			);
			buildRules = (
			);
			dependencies = (
				D01576A526C5D2DB0024D902 /* PBXTargetDependency */,
			);
			name = CoffeeCoShiftsTests;
			productName = CoffeeCoShiftsTests;
			productReference = D01576A326C5D2DB0024D902 /* CoffeeCoShiftsTests.xctest */;
			productType = "com.apple.product-type.bundle.unit-test";
		};
		D01576AD26C5D2DC0024D902 /* CoffeeCoShiftsUITests */ = {
			isa = PBXNativeTarget;
			buildConfigurationList = D01576BD26C5D2DC0024D902 /* Build configuration list for PBXNativeTarget "CoffeeCoShiftsUITests" */;
			buildPhases = (
				829F438DAA0C0EC168B54013 /* [CP] Check Pods Manifest.lock */,
				D01576AA26C5D2DC0024D902 /* Sources */,
				D01576AB26C5D2DC0024D902 /* Frameworks */,
				D01576AC26C5D2DC0024D902 /* Resources */,
				FCEA7CA8819DDCA218B325A5 /* [CP] Embed Pods Frameworks */,
			);
			buildRules = (
			);
			dependencies = (
				D01576B026C5D2DC0024D902 /* PBXTargetDependency */,
			);
			name = CoffeeCoShiftsUITests;
			productName = CoffeeCoShiftsUITests;
			productReference = D01576AE26C5D2DC0024D902 /* CoffeeCoShiftsUITests.xctest */;
			productType = "com.apple.product-type.bundle.ui-testing";
		};
/* End PBXNativeTarget section */

/* Begin PBXProject section */
		D015768526C5D2DA0024D902 /* Project object */ = {
			isa = PBXProject;
			attributes = {
				LastSwiftUpdateCheck = 1250;
				LastUpgradeCheck = 1250;
				TargetAttributes = {
					D015768C26C5D2DA0024D902 = {
						CreatedOnToolsVersion = 12.5;
					};
					D01576A226C5D2DB0024D902 = {
						CreatedOnToolsVersion = 12.5;
						TestTargetID = D015768C26C5D2DA0024D902;
					};
					D01576AD26C5D2DC0024D902 = {
						CreatedOnToolsVersion = 12.5;
						TestTargetID = D015768C26C5D2DA0024D902;
					};
				};
			};
			buildConfigurationList = D015768826C5D2DA0024D902 /* Build configuration list for PBXProject "CoffeeCoShifts" */;
			compatibilityVersion = "Xcode 9.3";
			developmentRegion = en;
			hasScannedForEncodings = 0;
			knownRegions = (
				en,
				Base,
			);
			mainGroup = D015768426C5D2DA0024D902;
			productRefGroup = D015768E26C5D2DA0024D902 /* Products */;
			projectDirPath = "";
			projectRoot = "";
			targets = (
				D015768C26C5D2DA0024D902 /* CoffeeCoShifts */,
				D01576A226C5D2DB0024D902 /* CoffeeCoShiftsTests */,
				D01576AD26C5D2DC0024D902 /* CoffeeCoShiftsUITests */,
			);
		};
/* End PBXProject section */

/* Begin PBXResourcesBuildPhase section */
		D015768B26C5D2DA0024D902 /* Resources */ = {
			isa = PBXResourcesBuildPhase;
			buildActionMask = 2147483647;
			files = (
				D01576D226C5EF9D0024D902 /* shifts.json in Resources */,
				D01576CD26C5E92D0024D902 /* ShiftTableViewCell.xib in Resources */,
				D0D68F9126C680CD00F2B039 /* AddNewShiftViewController.xib in Resources */,
				D015769D26C5D2DB0024D902 /* LaunchScreen.storyboard in Resources */,
				D015769A26C5D2DB0024D902 /* Assets.xcassets in Resources */,
				D015769826C5D2DA0024D902 /* Main.storyboard in Resources */,
			);
			runOnlyForDeploymentPostprocessing = 0;
		};
		D01576A126C5D2DB0024D902 /* Resources */ = {
			isa = PBXResourcesBuildPhase;
			buildActionMask = 2147483647;
			files = (
			);
			runOnlyForDeploymentPostprocessing = 0;
		};
		D01576AC26C5D2DC0024D902 /* Resources */ = {
			isa = PBXResourcesBuildPhase;
			buildActionMask = 2147483647;
			files = (
			);
			runOnlyForDeploymentPostprocessing = 0;
		};
/* End PBXResourcesBuildPhase section */

/* Begin PBXShellScriptBuildPhase section */
		829F438DAA0C0EC168B54013 /* [CP] Check Pods Manifest.lock */ = {
			isa = PBXShellScriptBuildPhase;
			buildActionMask = 2147483647;
			files = (
			);
			inputFileListPaths = (
			);
			inputPaths = (
				"${PODS_PODFILE_DIR_PATH}/Podfile.lock",
				"${PODS_ROOT}/Manifest.lock",
			);
			name = "[CP] Check Pods Manifest.lock";
			outputFileListPaths = (
			);
			outputPaths = (
				"$(DERIVED_FILE_DIR)/Pods-CoffeeCoShifts-CoffeeCoShiftsUITests-checkManifestLockResult.txt",
			);
			runOnlyForDeploymentPostprocessing = 0;
			shellPath = /bin/sh;
			shellScript = "diff \"${PODS_PODFILE_DIR_PATH}/Podfile.lock\" \"${PODS_ROOT}/Manifest.lock\" > /dev/null\nif [ $? != 0 ] ; then\n    # print error to STDERR\n    echo \"error: The sandbox is not in sync with the Podfile.lock. Run 'pod install' or update your CocoaPods installation.\" >&2\n    exit 1\nfi\n# This output is used by Xcode 'outputs' to avoid re-running this script phase.\necho \"SUCCESS\" > \"${SCRIPT_OUTPUT_FILE_0}\"\n";
			showEnvVarsInLog = 0;
		};
		8AF7C075012F34AC44C3B467 /* [CP] Check Pods Manifest.lock */ = {
			isa = PBXShellScriptBuildPhase;
			buildActionMask = 2147483647;
			files = (
			);
			inputFileListPaths = (
			);
			inputPaths = (
				"${PODS_PODFILE_DIR_PATH}/Podfile.lock",
				"${PODS_ROOT}/Manifest.lock",
			);
			name = "[CP] Check Pods Manifest.lock";
			outputFileListPaths = (
			);
			outputPaths = (
				"$(DERIVED_FILE_DIR)/Pods-CoffeeCoShifts-checkManifestLockResult.txt",
			);
			runOnlyForDeploymentPostprocessing = 0;
			shellPath = /bin/sh;
			shellScript = "diff \"${PODS_PODFILE_DIR_PATH}/Podfile.lock\" \"${PODS_ROOT}/Manifest.lock\" > /dev/null\nif [ $? != 0 ] ; then\n    # print error to STDERR\n    echo \"error: The sandbox is not in sync with the Podfile.lock. Run 'pod install' or update your CocoaPods installation.\" >&2\n    exit 1\nfi\n# This output is used by Xcode 'outputs' to avoid re-running this script phase.\necho \"SUCCESS\" > \"${SCRIPT_OUTPUT_FILE_0}\"\n";
			showEnvVarsInLog = 0;
		};
		93294E2E3933545FE3947BFA /* [CP] Embed Pods Frameworks */ = {
			isa = PBXShellScriptBuildPhase;
			buildActionMask = 2147483647;
			files = (
			);
			inputFileListPaths = (
				"${PODS_ROOT}/Target Support Files/Pods-CoffeeCoShifts/Pods-CoffeeCoShifts-frameworks-${CONFIGURATION}-input-files.xcfilelist",
			);
			name = "[CP] Embed Pods Frameworks";
			outputFileListPaths = (
				"${PODS_ROOT}/Target Support Files/Pods-CoffeeCoShifts/Pods-CoffeeCoShifts-frameworks-${CONFIGURATION}-output-files.xcfilelist",
			);
			runOnlyForDeploymentPostprocessing = 0;
			shellPath = /bin/sh;
			shellScript = "\"${PODS_ROOT}/Target Support Files/Pods-CoffeeCoShifts/Pods-CoffeeCoShifts-frameworks.sh\"\n";
			showEnvVarsInLog = 0;
		};
		FAB862181018E87E12D77154 /* [CP] Check Pods Manifest.lock */ = {
			isa = PBXShellScriptBuildPhase;
			buildActionMask = 2147483647;
			files = (
			);
			inputFileListPaths = (
			);
			inputPaths = (
				"${PODS_PODFILE_DIR_PATH}/Podfile.lock",
				"${PODS_ROOT}/Manifest.lock",
			);
			name = "[CP] Check Pods Manifest.lock";
			outputFileListPaths = (
			);
			outputPaths = (
				"$(DERIVED_FILE_DIR)/Pods-CoffeeCoShiftsTests-checkManifestLockResult.txt",
			);
			runOnlyForDeploymentPostprocessing = 0;
			shellPath = /bin/sh;
			shellScript = "diff \"${PODS_PODFILE_DIR_PATH}/Podfile.lock\" \"${PODS_ROOT}/Manifest.lock\" > /dev/null\nif [ $? != 0 ] ; then\n    # print error to STDERR\n    echo \"error: The sandbox is not in sync with the Podfile.lock. Run 'pod install' or update your CocoaPods installation.\" >&2\n    exit 1\nfi\n# This output is used by Xcode 'outputs' to avoid re-running this script phase.\necho \"SUCCESS\" > \"${SCRIPT_OUTPUT_FILE_0}\"\n";
			showEnvVarsInLog = 0;
		};
		FCEA7CA8819DDCA218B325A5 /* [CP] Embed Pods Frameworks */ = {
			isa = PBXShellScriptBuildPhase;
			buildActionMask = 2147483647;
			files = (
			);
			inputFileListPaths = (
				"${PODS_ROOT}/Target Support Files/Pods-CoffeeCoShifts-CoffeeCoShiftsUITests/Pods-CoffeeCoShifts-CoffeeCoShiftsUITests-frameworks-${CONFIGURATION}-input-files.xcfilelist",
			);
			name = "[CP] Embed Pods Frameworks";
			outputFileListPaths = (
				"${PODS_ROOT}/Target Support Files/Pods-CoffeeCoShifts-CoffeeCoShiftsUITests/Pods-CoffeeCoShifts-CoffeeCoShiftsUITests-frameworks-${CONFIGURATION}-output-files.xcfilelist",
			);
			runOnlyForDeploymentPostprocessing = 0;
			shellPath = /bin/sh;
			shellScript = "\"${PODS_ROOT}/Target Support Files/Pods-CoffeeCoShifts-CoffeeCoShiftsUITests/Pods-CoffeeCoShifts-CoffeeCoShiftsUITests-frameworks.sh\"\n";
			showEnvVarsInLog = 0;
		};
/* End PBXShellScriptBuildPhase section */

/* Begin PBXSourcesBuildPhase section */
		D015768926C5D2DA0024D902 /* Sources */ = {
			isa = PBXSourcesBuildPhase;
			buildActionMask = 2147483647;
			files = (
				D01576CC26C5E92D0024D902 /* ShiftTableViewCell.swift in Sources */,
				D01576E026C5FE380024D902 /* DateFormatter+Extension.swift in Sources */,
				D0D68F9026C680CD00F2B039 /* AddNewShiftViewController.swift in Sources */,
				D015769526C5D2DA0024D902 /* ShiftsViewController.swift in Sources */,
				D015769126C5D2DA0024D902 /* AppDelegate.swift in Sources */,
				D01576CF26C5EF300024D902 /* ShiftsViewModel.swift in Sources */,
				D01576D726C5F13D0024D902 /* Shift.swift in Sources */,
				D015769326C5D2DA0024D902 /* SceneDelegate.swift in Sources */,
				D01576D926C5F7C60024D902 /* ShiftsBuilder.swift in Sources */,
				D01576D526C5F1350024D902 /* ShiftsResponse.swift in Sources */,
				D0D68F9826C687BD00F2B039 /* AddNewShiftBuilder.swift in Sources */,
				D0D68F9526C6878300F2B039 /* UIViewController+Extensions.swift in Sources */,
				D01576C826C5E2390024D902 /* BaseCoordinator.swift in Sources */,
				D0D68F9326C686AB00F2B039 /* ShiftsCoordinator.swift in Sources */,
				D01576DE26C5FC7C0024D902 /* UIColor+Extension.swift in Sources */,
			);
			runOnlyForDeploymentPostprocessing = 0;
		};
		D015769F26C5D2DB0024D902 /* Sources */ = {
			isa = PBXSourcesBuildPhase;
			buildActionMask = 2147483647;
			files = (
				D01576A826C5D2DC0024D902 /* CoffeeCoShiftsTests.swift in Sources */,
			);
			runOnlyForDeploymentPostprocessing = 0;
		};
		D01576AA26C5D2DC0024D902 /* Sources */ = {
			isa = PBXSourcesBuildPhase;
			buildActionMask = 2147483647;
			files = (
				D01576B326C5D2DC0024D902 /* CoffeeCoShiftsUITests.swift in Sources */,
			);
			runOnlyForDeploymentPostprocessing = 0;
		};
/* End PBXSourcesBuildPhase section */

/* Begin PBXTargetDependency section */
		D01576A526C5D2DB0024D902 /* PBXTargetDependency */ = {
			isa = PBXTargetDependency;
			target = D015768C26C5D2DA0024D902 /* CoffeeCoShifts */;
			targetProxy = D01576A426C5D2DB0024D902 /* PBXContainerItemProxy */;
		};
		D01576B026C5D2DC0024D902 /* PBXTargetDependency */ = {
			isa = PBXTargetDependency;
			target = D015768C26C5D2DA0024D902 /* CoffeeCoShifts */;
			targetProxy = D01576AF26C5D2DC0024D902 /* PBXContainerItemProxy */;
		};
/* End PBXTargetDependency section */

/* Begin PBXVariantGroup section */
		D015769626C5D2DA0024D902 /* Main.storyboard */ = {
			isa = PBXVariantGroup;
			children = (
				D015769726C5D2DA0024D902 /* Base */,
			);
			name = Main.storyboard;
			sourceTree = "<group>";
		};
		D015769B26C5D2DB0024D902 /* LaunchScreen.storyboard */ = {
			isa = PBXVariantGroup;
			children = (
				D015769C26C5D2DB0024D902 /* Base */,
			);
			name = LaunchScreen.storyboard;
			sourceTree = "<group>";
		};
/* End PBXVariantGroup section */

/* Begin XCBuildConfiguration section */
		D01576B526C5D2DC0024D902 /* Debug */ = {
			isa = XCBuildConfiguration;
			buildSettings = {
				ALWAYS_SEARCH_USER_PATHS = NO;
				CLANG_ANALYZER_NONNULL = YES;
				CLANG_ANALYZER_NUMBER_OBJECT_CONVERSION = YES_AGGRESSIVE;
				CLANG_CXX_LANGUAGE_STANDARD = "gnu++14";
				CLANG_CXX_LIBRARY = "libc++";
				CLANG_ENABLE_MODULES = YES;
				CLANG_ENABLE_OBJC_ARC = YES;
				CLANG_ENABLE_OBJC_WEAK = YES;
				CLANG_WARN_BLOCK_CAPTURE_AUTORELEASING = YES;
				CLANG_WARN_BOOL_CONVERSION = YES;
				CLANG_WARN_COMMA = YES;
				CLANG_WARN_CONSTANT_CONVERSION = YES;
				CLANG_WARN_DEPRECATED_OBJC_IMPLEMENTATIONS = YES;
				CLANG_WARN_DIRECT_OBJC_ISA_USAGE = YES_ERROR;
				CLANG_WARN_DOCUMENTATION_COMMENTS = YES;
				CLANG_WARN_EMPTY_BODY = YES;
				CLANG_WARN_ENUM_CONVERSION = YES;
				CLANG_WARN_INFINITE_RECURSION = YES;
				CLANG_WARN_INT_CONVERSION = YES;
				CLANG_WARN_NON_LITERAL_NULL_CONVERSION = YES;
				CLANG_WARN_OBJC_IMPLICIT_RETAIN_SELF = YES;
				CLANG_WARN_OBJC_LITERAL_CONVERSION = YES;
				CLANG_WARN_OBJC_ROOT_CLASS = YES_ERROR;
				CLANG_WARN_QUOTED_INCLUDE_IN_FRAMEWORK_HEADER = YES;
				CLANG_WARN_RANGE_LOOP_ANALYSIS = YES;
				CLANG_WARN_STRICT_PROTOTYPES = YES;
				CLANG_WARN_SUSPICIOUS_MOVE = YES;
				CLANG_WARN_UNGUARDED_AVAILABILITY = YES_AGGRESSIVE;
				CLANG_WARN_UNREACHABLE_CODE = YES;
				CLANG_WARN__DUPLICATE_METHOD_MATCH = YES;
				COPY_PHASE_STRIP = NO;
				DEBUG_INFORMATION_FORMAT = dwarf;
				ENABLE_STRICT_OBJC_MSGSEND = YES;
				ENABLE_TESTABILITY = YES;
				GCC_C_LANGUAGE_STANDARD = gnu11;
				GCC_DYNAMIC_NO_PIC = NO;
				GCC_NO_COMMON_BLOCKS = YES;
				GCC_OPTIMIZATION_LEVEL = 0;
				GCC_PREPROCESSOR_DEFINITIONS = (
					"DEBUG=1",
					"$(inherited)",
				);
				GCC_WARN_64_TO_32_BIT_CONVERSION = YES;
				GCC_WARN_ABOUT_RETURN_TYPE = YES_ERROR;
				GCC_WARN_UNDECLARED_SELECTOR = YES;
				GCC_WARN_UNINITIALIZED_AUTOS = YES_AGGRESSIVE;
				GCC_WARN_UNUSED_FUNCTION = YES;
				GCC_WARN_UNUSED_VARIABLE = YES;
				IPHONEOS_DEPLOYMENT_TARGET = 14.5;
				MTL_ENABLE_DEBUG_INFO = INCLUDE_SOURCE;
				MTL_FAST_MATH = YES;
				ONLY_ACTIVE_ARCH = YES;
				SDKROOT = iphoneos;
				SWIFT_ACTIVE_COMPILATION_CONDITIONS = DEBUG;
				SWIFT_OPTIMIZATION_LEVEL = "-Onone";
			};
			name = Debug;
		};
		D01576B626C5D2DC0024D902 /* Release */ = {
			isa = XCBuildConfiguration;
			buildSettings = {
				ALWAYS_SEARCH_USER_PATHS = NO;
				CLANG_ANALYZER_NONNULL = YES;
				CLANG_ANALYZER_NUMBER_OBJECT_CONVERSION = YES_AGGRESSIVE;
				CLANG_CXX_LANGUAGE_STANDARD = "gnu++14";
				CLANG_CXX_LIBRARY = "libc++";
				CLANG_ENABLE_MODULES = YES;
				CLANG_ENABLE_OBJC_ARC = YES;
				CLANG_ENABLE_OBJC_WEAK = YES;
				CLANG_WARN_BLOCK_CAPTURE_AUTORELEASING = YES;
				CLANG_WARN_BOOL_CONVERSION = YES;
				CLANG_WARN_COMMA = YES;
				CLANG_WARN_CONSTANT_CONVERSION = YES;
				CLANG_WARN_DEPRECATED_OBJC_IMPLEMENTATIONS = YES;
				CLANG_WARN_DIRECT_OBJC_ISA_USAGE = YES_ERROR;
				CLANG_WARN_DOCUMENTATION_COMMENTS = YES;
				CLANG_WARN_EMPTY_BODY = YES;
				CLANG_WARN_ENUM_CONVERSION = YES;
				CLANG_WARN_INFINITE_RECURSION = YES;
				CLANG_WARN_INT_CONVERSION = YES;
				CLANG_WARN_NON_LITERAL_NULL_CONVERSION = YES;
				CLANG_WARN_OBJC_IMPLICIT_RETAIN_SELF = YES;
				CLANG_WARN_OBJC_LITERAL_CONVERSION = YES;
				CLANG_WARN_OBJC_ROOT_CLASS = YES_ERROR;
				CLANG_WARN_QUOTED_INCLUDE_IN_FRAMEWORK_HEADER = YES;
				CLANG_WARN_RANGE_LOOP_ANALYSIS = YES;
				CLANG_WARN_STRICT_PROTOTYPES = YES;
				CLANG_WARN_SUSPICIOUS_MOVE = YES;
				CLANG_WARN_UNGUARDED_AVAILABILITY = YES_AGGRESSIVE;
				CLANG_WARN_UNREACHABLE_CODE = YES;
				CLANG_WARN__DUPLICATE_METHOD_MATCH = YES;
				COPY_PHASE_STRIP = NO;
				DEBUG_INFORMATION_FORMAT = "dwarf-with-dsym";
				ENABLE_NS_ASSERTIONS = NO;
				ENABLE_STRICT_OBJC_MSGSEND = YES;
				GCC_C_LANGUAGE_STANDARD = gnu11;
				GCC_NO_COMMON_BLOCKS = YES;
				GCC_WARN_64_TO_32_BIT_CONVERSION = YES;
				GCC_WARN_ABOUT_RETURN_TYPE = YES_ERROR;
				GCC_WARN_UNDECLARED_SELECTOR = YES;
				GCC_WARN_UNINITIALIZED_AUTOS = YES_AGGRESSIVE;
				GCC_WARN_UNUSED_FUNCTION = YES;
				GCC_WARN_UNUSED_VARIABLE = YES;
				IPHONEOS_DEPLOYMENT_TARGET = 14.5;
				MTL_ENABLE_DEBUG_INFO = NO;
				MTL_FAST_MATH = YES;
				SDKROOT = iphoneos;
				SWIFT_COMPILATION_MODE = wholemodule;
				SWIFT_OPTIMIZATION_LEVEL = "-O";
				VALIDATE_PRODUCT = YES;
			};
			name = Release;
		};
		D01576B826C5D2DC0024D902 /* Debug */ = {
			isa = XCBuildConfiguration;
			baseConfigurationReference = 6A45ACBE01F7283F00067309 /* Pods-CoffeeCoShifts.debug.xcconfig */;
			buildSettings = {
				ASSETCATALOG_COMPILER_APPICON_NAME = AppIcon;
				ASSETCATALOG_COMPILER_GLOBAL_ACCENT_COLOR_NAME = AccentColor;
				CODE_SIGN_STYLE = Automatic;
				INFOPLIST_FILE = CoffeeCoShifts/Info.plist;
				LD_RUNPATH_SEARCH_PATHS = (
					"$(inherited)",
					"@executable_path/Frameworks",
				);
				PRODUCT_BUNDLE_IDENTIFIER = mina.CoffeeCoShifts;
				PRODUCT_NAME = "$(TARGET_NAME)";
				SWIFT_VERSION = 5.0;
				TARGETED_DEVICE_FAMILY = 1;
			};
			name = Debug;
		};
		D01576B926C5D2DC0024D902 /* Release */ = {
			isa = XCBuildConfiguration;
			baseConfigurationReference = F1729F501D9100AAED91B801 /* Pods-CoffeeCoShifts.release.xcconfig */;
			buildSettings = {
				ASSETCATALOG_COMPILER_APPICON_NAME = AppIcon;
				ASSETCATALOG_COMPILER_GLOBAL_ACCENT_COLOR_NAME = AccentColor;
				CODE_SIGN_STYLE = Automatic;
				INFOPLIST_FILE = CoffeeCoShifts/Info.plist;
				LD_RUNPATH_SEARCH_PATHS = (
					"$(inherited)",
					"@executable_path/Frameworks",
				);
				PRODUCT_BUNDLE_IDENTIFIER = mina.CoffeeCoShifts;
				PRODUCT_NAME = "$(TARGET_NAME)";
				SWIFT_VERSION = 5.0;
				TARGETED_DEVICE_FAMILY = 1;
			};
			name = Release;
		};
		D01576BB26C5D2DC0024D902 /* Debug */ = {
			isa = XCBuildConfiguration;
			baseConfigurationReference = 88873F5050A2F1D9124F363C /* Pods-CoffeeCoShiftsTests.debug.xcconfig */;
			buildSettings = {
				ALWAYS_EMBED_SWIFT_STANDARD_LIBRARIES = YES;
				BUNDLE_LOADER = "$(TEST_HOST)";
				CODE_SIGN_STYLE = Automatic;
				INFOPLIST_FILE = CoffeeCoShiftsTests/Info.plist;
				IPHONEOS_DEPLOYMENT_TARGET = 14.5;
				LD_RUNPATH_SEARCH_PATHS = (
					"$(inherited)",
					"@executable_path/Frameworks",
					"@loader_path/Frameworks",
				);
				PRODUCT_BUNDLE_IDENTIFIER = mina.CoffeeCoShiftsTests;
				PRODUCT_NAME = "$(TARGET_NAME)";
				SWIFT_VERSION = 5.0;
				TARGETED_DEVICE_FAMILY = "1,2";
				TEST_HOST = "$(BUILT_PRODUCTS_DIR)/CoffeeCoShifts.app/CoffeeCoShifts";
			};
			name = Debug;
		};
		D01576BC26C5D2DC0024D902 /* Release */ = {
			isa = XCBuildConfiguration;
			baseConfigurationReference = 84FCEFF5C1378018A0ECEB9A /* Pods-CoffeeCoShiftsTests.release.xcconfig */;
			buildSettings = {
				ALWAYS_EMBED_SWIFT_STANDARD_LIBRARIES = YES;
				BUNDLE_LOADER = "$(TEST_HOST)";
				CODE_SIGN_STYLE = Automatic;
				INFOPLIST_FILE = CoffeeCoShiftsTests/Info.plist;
				IPHONEOS_DEPLOYMENT_TARGET = 14.5;
				LD_RUNPATH_SEARCH_PATHS = (
					"$(inherited)",
					"@executable_path/Frameworks",
					"@loader_path/Frameworks",
				);
				PRODUCT_BUNDLE_IDENTIFIER = mina.CoffeeCoShiftsTests;
				PRODUCT_NAME = "$(TARGET_NAME)";
				SWIFT_VERSION = 5.0;
				TARGETED_DEVICE_FAMILY = "1,2";
				TEST_HOST = "$(BUILT_PRODUCTS_DIR)/CoffeeCoShifts.app/CoffeeCoShifts";
			};
			name = Release;
		};
		D01576BE26C5D2DC0024D902 /* Debug */ = {
			isa = XCBuildConfiguration;
			baseConfigurationReference = F6410537D8CFE7B1661264AB /* Pods-CoffeeCoShifts-CoffeeCoShiftsUITests.debug.xcconfig */;
			buildSettings = {
				ALWAYS_EMBED_SWIFT_STANDARD_LIBRARIES = YES;
				CODE_SIGN_STYLE = Automatic;
				INFOPLIST_FILE = CoffeeCoShiftsUITests/Info.plist;
				LD_RUNPATH_SEARCH_PATHS = (
					"$(inherited)",
					"@executable_path/Frameworks",
					"@loader_path/Frameworks",
				);
				PRODUCT_BUNDLE_IDENTIFIER = mina.CoffeeCoShiftsUITests;
				PRODUCT_NAME = "$(TARGET_NAME)";
				SWIFT_VERSION = 5.0;
				TARGETED_DEVICE_FAMILY = "1,2";
				TEST_TARGET_NAME = CoffeeCoShifts;
			};
			name = Debug;
		};
		D01576BF26C5D2DC0024D902 /* Release */ = {
			isa = XCBuildConfiguration;
			baseConfigurationReference = A862BE33F8C2594E749CC973 /* Pods-CoffeeCoShifts-CoffeeCoShiftsUITests.release.xcconfig */;
			buildSettings = {
				ALWAYS_EMBED_SWIFT_STANDARD_LIBRARIES = YES;
				CODE_SIGN_STYLE = Automatic;
				INFOPLIST_FILE = CoffeeCoShiftsUITests/Info.plist;
				LD_RUNPATH_SEARCH_PATHS = (
					"$(inherited)",
					"@executable_path/Frameworks",
					"@loader_path/Frameworks",
				);
				PRODUCT_BUNDLE_IDENTIFIER = mina.CoffeeCoShiftsUITests;
				PRODUCT_NAME = "$(TARGET_NAME)";
				SWIFT_VERSION = 5.0;
				TARGETED_DEVICE_FAMILY = "1,2";
				TEST_TARGET_NAME = CoffeeCoShifts;
			};
			name = Release;
		};
/* End XCBuildConfiguration section */

/* Begin XCConfigurationList section */
		D015768826C5D2DA0024D902 /* Build configuration list for PBXProject "CoffeeCoShifts" */ = {
			isa = XCConfigurationList;
			buildConfigurations = (
				D01576B526C5D2DC0024D902 /* Debug */,
				D01576B626C5D2DC0024D902 /* Release */,
			);
			defaultConfigurationIsVisible = 0;
			defaultConfigurationName = Release;
		};
		D01576B726C5D2DC0024D902 /* Build configuration list for PBXNativeTarget "CoffeeCoShifts" */ = {
			isa = XCConfigurationList;
			buildConfigurations = (
				D01576B826C5D2DC0024D902 /* Debug */,
				D01576B926C5D2DC0024D902 /* Release */,
			);
			defaultConfigurationIsVisible = 0;
			defaultConfigurationName = Release;
		};
		D01576BA26C5D2DC0024D902 /* Build configuration list for PBXNativeTarget "CoffeeCoShiftsTests" */ = {
			isa = XCConfigurationList;
			buildConfigurations = (
				D01576BB26C5D2DC0024D902 /* Debug */,
				D01576BC26C5D2DC0024D902 /* Release */,
			);
			defaultConfigurationIsVisible = 0;
			defaultConfigurationName = Release;
		};
		D01576BD26C5D2DC0024D902 /* Build configuration list for PBXNativeTarget "CoffeeCoShiftsUITests" */ = {
			isa = XCConfigurationList;
			buildConfigurations = (
				D01576BE26C5D2DC0024D902 /* Debug */,
				D01576BF26C5D2DC0024D902 /* Release */,
			);
			defaultConfigurationIsVisible = 0;
			defaultConfigurationName = Release;
		};
/* End XCConfigurationList section */
	};
	rootObject = D015768526C5D2DA0024D902 /* Project object */;
}
