// !$*UTF8*$!
{
	archiveVersion = 1;
	classes = {
	};
	objectVersion = 50;
	objects = {

/* Begin PBXBuildFile section */
		D015769126C5D2DA0024D902 /* AppDelegate.swift in Sources */ = {isa = PBXBuildFile; fileRef = D015769026C5D2DA0024D902 /* AppDelegate.swift */; };
		D015769326C5D2DA0024D902 /* SceneDelegate.swift in Sources */ = {isa = PBXBuildFile; fileRef = D015769226C5D2DA0024D902 /* SceneDelegate.swift */; };
		D015769526C5D2DA0024D902 /* ViewController.swift in Sources */ = {isa = PBXBuildFile; fileRef = D015769426C5D2DA0024D902 /* ViewController.swift */; };
		D015769826C5D2DA0024D902 /* Main.storyboard in Resources */ = {isa = PBXBuildFile; fileRef = D015769626C5D2DA0024D902 /* Main.storyboard */; };
		D015769A26C5D2DB0024D902 /* Assets.xcassets in Resources */ = {isa = PBXBuildFile; fileRef = D015769926C5D2DB0024D902 /* Assets.xcassets */; };
		D015769D26C5D2DB0024D902 /* LaunchScreen.storyboard in Resources */ = {isa = PBXBuildFile; fileRef = D015769B26C5D2DB0024D902 /* LaunchScreen.storyboard */; };
		D01576A826C5D2DC0024D902 /* CoffeeCoShiftsTests.swift in Sources */ = {isa = PBXBuildFile; fileRef = D01576A726C5D2DB0024D902 /* CoffeeCoShiftsTests.swift */; };
		D01576B326C5D2DC0024D902 /* CoffeeCoShiftsUITests.swift in Sources */ = {isa = PBXBuildFile; fileRef = D01576B226C5D2DC0024D902 /* CoffeeCoShiftsUITests.swift */; };
/* End PBXBuildFile section */

/* Begin PBXContainerItemProxy section */
		D01576A426C5D2DB0024D902 /* PBXContainerItemProxy */ = {
			isa = PBXContainerItemProxy;
			containerPortal = D015768526C5D2DA0024D902 /* Project object */;
			proxyType = 1;
			remoteGlobalIDString = D015768C26C5D2DA0024D902;
			remoteInfo = CoffeeCoShifts;
		};
		D01576AF26C5D2DC0024D902 /* PBXContainerItemProxy */ = {
			isa = PBXContainerItemProxy;
			containerPortal = D015768526C5D2DA0024D902 /* Project object */;
			proxyType = 1;
			remoteGlobalIDString = D015768C26C5D2DA0024D902;
			remoteInfo = CoffeeCoShifts;
		};
/* End PBXContainerItemProxy section */

/* Begin PBXFileReference section */
		D015768D26C5D2DA0024D902 /* CoffeeCoShifts.app */ = {isa = PBXFileReference; explicitFileType = wrapper.application; includeInIndex = 0; path = CoffeeCoShifts.app; sourceTree = BUILT_PRODUCTS_DIR; };
		D015769026C5D2DA0024D902 /* AppDelegate.swift */ = {isa = PBXFileReference; lastKnownFileType = sourcecode.swift; path = AppDelegate.swift; sourceTree = "<group>"; };
		D015769226C5D2DA0024D902 /* SceneDelegate.swift */ = {isa = PBXFileReference; lastKnownFileType = sourcecode.swift; path = SceneDelegate.swift; sourceTree = "<group>"; };
		D015769426C5D2DA0024D902 /* ViewController.swift */ = {isa = PBXFileReference; lastKnownFileType = sourcecode.swift; path = ViewController.swift; sourceTree = "<group>"; };
		D015769726C5D2DA0024D902 /* Base */ = {isa = PBXFileReference; lastKnownFileType = file.storyboard; name = Base; path = Base.lproj/Main.storyboard; sourceTree = "<group>"; };
		D015769926C5D2DB0024D902 /* Assets.xcassets */ = {isa = PBXFileReference; lastKnownFileType = folder.assetcatalog; path = Assets.xcassets; sourceTree = "<group>"; };
		D015769C26C5D2DB0024D902 /* Base */ = {isa = PBXFileReference; lastKnownFileType = file.storyboard; name = Base; path = Base.lproj/LaunchScreen.storyboard; sourceTree = "<group>"; };
		D015769E26C5D2DB0024D902 /* Info.plist */ = {isa = PBXFileReference; lastKnownFileType = text.plist.xml; path = Info.plist; sourceTree = "<group>"; };
		D01576A326C5D2DB0024D902 /* CoffeeCoShiftsTests.xctest */ = {isa = PBXFileReference; explicitFileType = wrapper.cfbundle; includeInIndex = 0; path = CoffeeCoShiftsTests.xctest; sourceTree = BUILT_PRODUCTS_DIR; };
		D01576A726C5D2DB0024D902 /* CoffeeCoShiftsTests.swift */ = {isa = PBXFileReference; lastKnownFileType = sourcecode.swift; path = CoffeeCoShiftsTests.swift; sourceTree = "<group>"; };
		D01576A926C5D2DC0024D902 /* Info.plist */ = {isa = PBXFileReference; lastKnownFileType = text.plist.xml; path = Info.plist; sourceTree = "<group>"; };
		D01576AE26C5D2DC0024D902 /* CoffeeCoShiftsUITests.xctest */ = {isa = PBXFileReference; explicitFileType = wrapper.cfbundle; includeInIndex = 0; path = CoffeeCoShiftsUITests.xctest; sourceTree = BUILT_PRODUCTS_DIR; };
		D01576B226C5D2DC0024D902 /* CoffeeCoShiftsUITests.swift */ = {isa = PBXFileReference; lastKnownFileType = sourcecode.swift; path = CoffeeCoShiftsUITests.swift; sourceTree = "<group>"; };
		D01576B426C5D2DC0024D902 /* Info.plist */ = {isa = PBXFileReference; lastKnownFileType = text.plist.xml; path = Info.plist; sourceTree = "<group>"; };
/* End PBXFileReference section */

/* Begin PBXFrameworksBuildPhase section */
		D015768A26C5D2DA0024D902 /* Frameworks */ = {
			isa = PBXFrameworksBuildPhase;
			buildActionMask = 2147483647;
			files = (
			);
			runOnlyForDeploymentPostprocessing = 0;
		};
		D01576A026C5D2DB0024D902 /* Frameworks */ = {
			isa = PBXFrameworksBuildPhase;
			buildActionMask = 2147483647;
			files = (
			);
			runOnlyForDeploymentPostprocessing = 0;
		};
		D01576AB26C5D2DC0024D902 /* Frameworks */ = {
			isa = PBXFrameworksBuildPhase;
			buildActionMask = 2147483647;
			files = (
			);
			runOnlyForDeploymentPostprocessing = 0;
		};
/* End PBXFrameworksBuildPhase section */

/* Begin PBXGroup section */
		D015768426C5D2DA0024D902 = {
			isa = PBXGroup;
			children = (
				D015768F26C5D2DA0024D902 /* CoffeeCoShifts */,
				D01576A626C5D2DB0024D902 /* CoffeeCoShiftsTests */,
				D01576B126C5D2DC0024D902 /* CoffeeCoShiftsUITests */,
				D015768E26C5D2DA0024D902 /* Products */,
			);
			sourceTree = "<group>";
		};
		D015768E26C5D2DA0024D902 /* Products */ = {
			isa = PBXGroup;
			children = (
				D015768D26C5D2DA0024D902 /* CoffeeCoShifts.app */,
				D01576A326C5D2DB0024D902 /* CoffeeCoShiftsTests.xctest */,
				D01576AE26C5D2DC0024D902 /* CoffeeCoShiftsUITests.xctest */,
			);
			name = Products;
			sourceTree = "<group>";
		};
		D015768F26C5D2DA0024D902 /* CoffeeCoShifts */ = {
			isa = PBXGroup;
			children = (
				D015769026C5D2DA0024D902 /* AppDelegate.swift */,
				D015769226C5D2DA0024D902 /* SceneDelegate.swift */,
				D015769426C5D2DA0024D902 /* ViewController.swift */,
				D015769626C5D2DA0024D902 /* Main.storyboard */,
				D015769926C5D2DB0024D902 /* Assets.xcassets */,
				D015769B26C5D2DB0024D902 /* LaunchScreen.storyboard */,
				D015769E26C5D2DB0024D902 /* Info.plist */,
			);
			path = CoffeeCoShifts;
			sourceTree = "<group>";
		};
		D01576A626C5D2DB0024D902 /* CoffeeCoShiftsTests */ = {
			isa = PBXGroup;
			children = (
				D01576A726C5D2DB0024D902 /* CoffeeCoShiftsTests.swift */,
				D01576A926C5D2DC0024D902 /* Info.plist */,
			);
			path = CoffeeCoShiftsTests;
			sourceTree = "<group>";
		};
		D01576B126C5D2DC0024D902 /* CoffeeCoShiftsUITests */ = {
			isa = PBXGroup;
			children = (
				D01576B226C5D2DC0024D902 /* CoffeeCoShiftsUITests.swift */,
				D01576B426C5D2DC0024D902 /* Info.plist */,
			);
			path = CoffeeCoShiftsUITests;
			sourceTree = "<group>";
		};
/* End PBXGroup section */

/* Begin PBXNativeTarget section */
		D015768C26C5D2DA0024D902 /* CoffeeCoShifts */ = {
			isa = PBXNativeTarget;
			buildConfigurationList = D01576B726C5D2DC0024D902 /* Build configuration list for PBXNativeTarget "CoffeeCoShifts" */;
			buildPhases = (
				D015768926C5D2DA0024D902 /* Sources */,
				D015768A26C5D2DA0024D902 /* Frameworks */,
				D015768B26C5D2DA0024D902 /* Resources */,
			);
			buildRules = (
			);
			dependencies = (
			);
			name = CoffeeCoShifts;
			productName = CoffeeCoShifts;
			productReference = D015768D26C5D2DA0024D902 /* CoffeeCoShifts.app */;
			productType = "com.apple.product-type.application";
		};
		D01576A226C5D2DB0024D902 /* CoffeeCoShiftsTests */ = {
			isa = PBXNativeTarget;
			buildConfigurationList = D01576BA26C5D2DC0024D902 /* Build configuration list for PBXNativeTarget "CoffeeCoShiftsTests" */;
			buildPhases = (
				D015769F26C5D2DB0024D902 /* Sources */,
				D01576A026C5D2DB0024D902 /* Frameworks */,
				D01576A126C5D2DB0024D902 /* Resources */,
			);
			buildRules = (
			);
			dependencies = (
				D01576A526C5D2DB0024D902 /* PBXTargetDependency */,
			);
			name = CoffeeCoShiftsTests;
			productName = CoffeeCoShiftsTests;
			productReference = D01576A326C5D2DB0024D902 /* CoffeeCoShiftsTests.xctest */;
			productType = "com.apple.product-type.bundle.unit-test";
		};
		D01576AD26C5D2DC0024D902 /* CoffeeCoShiftsUITests */ = {
			isa = PBXNativeTarget;
			buildConfigurationList = D01576BD26C5D2DC0024D902 /* Build configuration list for PBXNativeTarget "CoffeeCoShiftsUITests" */;
			buildPhases = (
				D01576AA26C5D2DC0024D902 /* Sources */,
				D01576AB26C5D2DC0024D902 /* Frameworks */,
				D01576AC26C5D2DC0024D902 /* Resources */,
			);
			buildRules = (
			);
			dependencies = (
				D01576B026C5D2DC0024D902 /* PBXTargetDependency */,
			);
			name = CoffeeCoShiftsUITests;
			productName = CoffeeCoShiftsUITests;
			productReference = D01576AE26C5D2DC0024D902 /* CoffeeCoShiftsUITests.xctest */;
			productType = "com.apple.product-type.bundle.ui-testing";
		};
/* End PBXNativeTarget section */

/* Begin PBXProject section */
		D015768526C5D2DA0024D902 /* Project object */ = {
			isa = PBXProject;
			attributes = {
				LastSwiftUpdateCheck = 1250;
				LastUpgradeCheck = 1250;
				TargetAttributes = {
					D015768C26C5D2DA0024D902 = {
						CreatedOnToolsVersion = 12.5;
					};
					D01576A226C5D2DB0024D902 = {
						CreatedOnToolsVersion = 12.5;
						TestTargetID = D015768C26C5D2DA0024D902;
					};
					D01576AD26C5D2DC0024D902 = {
						CreatedOnToolsVersion = 12.5;
						TestTargetID = D015768C26C5D2DA0024D902;
					};
				};
			};
			buildConfigurationList = D015768826C5D2DA0024D902 /* Build configuration list for PBXProject "CoffeeCoShifts" */;
			compatibilityVersion = "Xcode 9.3";
			developmentRegion = en;
			hasScannedForEncodings = 0;
			knownRegions = (
				en,
				Base,
			);
			mainGroup = D015768426C5D2DA0024D902;
			productRefGroup = D015768E26C5D2DA0024D902 /* Products */;
			projectDirPath = "";
			projectRoot = "";
			targets = (
				D015768C26C5D2DA0024D902 /* CoffeeCoShifts */,
				D01576A226C5D2DB0024D902 /* CoffeeCoShiftsTests */,
				D01576AD26C5D2DC0024D902 /* CoffeeCoShiftsUITests */,
			);
		};
/* End PBXProject section */

/* Begin PBXResourcesBuildPhase section */
		D015768B26C5D2DA0024D902 /* Resources */ = {
			isa = PBXResourcesBuildPhase;
			buildActionMask = 2147483647;
			files = (
				D015769D26C5D2DB0024D902 /* LaunchScreen.storyboard in Resources */,
				D015769A26C5D2DB0024D902 /* Assets.xcassets in Resources */,
				D015769826C5D2DA0024D902 /* Main.storyboard in Resources */,
			);
			runOnlyForDeploymentPostprocessing = 0;
		};
		D01576A126C5D2DB0024D902 /* Resources */ = {
			isa = PBXResourcesBuildPhase;
			buildActionMask = 2147483647;
			files = (
			);
			runOnlyForDeploymentPostprocessing = 0;
		};
		D01576AC26C5D2DC0024D902 /* Resources */ = {
			isa = PBXResourcesBuildPhase;
			buildActionMask = 2147483647;
			files = (
			);
			runOnlyForDeploymentPostprocessing = 0;
		};
/* End PBXResourcesBuildPhase section */

/* Begin PBXSourcesBuildPhase section */
		D015768926C5D2DA0024D902 /* Sources */ = {
			isa = PBXSourcesBuildPhase;
			buildActionMask = 2147483647;
			files = (
				D015769526C5D2DA0024D902 /* ViewController.swift in Sources */,
				D015769126C5D2DA0024D902 /* AppDelegate.swift in Sources */,
				D015769326C5D2DA0024D902 /* SceneDelegate.swift in Sources */,
			);
			runOnlyForDeploymentPostprocessing = 0;
		};
		D015769F26C5D2DB0024D902 /* Sources */ = {
			isa = PBXSourcesBuildPhase;
			buildActionMask = 2147483647;
			files = (
				D01576A826C5D2DC0024D902 /* CoffeeCoShiftsTests.swift in Sources */,
			);
			runOnlyForDeploymentPostprocessing = 0;
		};
		D01576AA26C5D2DC0024D902 /* Sources */ = {
			isa = PBXSourcesBuildPhase;
			buildActionMask = 2147483647;
			files = (
				D01576B326C5D2DC0024D902 /* CoffeeCoShiftsUITests.swift in Sources */,
			);
			runOnlyForDeploymentPostprocessing = 0;
		};
/* End PBXSourcesBuildPhase section */

/* Begin PBXTargetDependency section */
		D01576A526C5D2DB0024D902 /* PBXTargetDependency */ = {
			isa = PBXTargetDependency;
			target = D015768C26C5D2DA0024D902 /* CoffeeCoShifts */;
			targetProxy = D01576A426C5D2DB0024D902 /* PBXContainerItemProxy */;
		};
		D01576B026C5D2DC0024D902 /* PBXTargetDependency */ = {
			isa = PBXTargetDependency;
			target = D015768C26C5D2DA0024D902 /* CoffeeCoShifts */;
			targetProxy = D01576AF26C5D2DC0024D902 /* PBXContainerItemProxy */;
		};
/* End PBXTargetDependency section */

/* Begin PBXVariantGroup section */
		D015769626C5D2DA0024D902 /* Main.storyboard */ = {
			isa = PBXVariantGroup;
			children = (
				D015769726C5D2DA0024D902 /* Base */,
			);
			name = Main.storyboard;
			sourceTree = "<group>";
		};
		D015769B26C5D2DB0024D902 /* LaunchScreen.storyboard */ = {
			isa = PBXVariantGroup;
			children = (
				D015769C26C5D2DB0024D902 /* Base */,
			);
			name = LaunchScreen.storyboard;
			sourceTree = "<group>";
		};
/* End PBXVariantGroup section */

/* Begin XCBuildConfiguration section */
		D01576B526C5D2DC0024D902 /* Debug */ = {
			isa = XCBuildConfiguration;
			buildSettings = {
				ALWAYS_SEARCH_USER_PATHS = NO;
				CLANG_ANALYZER_NONNULL = YES;
				CLANG_ANALYZER_NUMBER_OBJECT_CONVERSION = YES_AGGRESSIVE;
				CLANG_CXX_LANGUAGE_STANDARD = "gnu++14";
				CLANG_CXX_LIBRARY = "libc++";
				CLANG_ENABLE_MODULES = YES;
				CLANG_ENABLE_OBJC_ARC = YES;
				CLANG_ENABLE_OBJC_WEAK = YES;
				CLANG_WARN_BLOCK_CAPTURE_AUTORELEASING = YES;
				CLANG_WARN_BOOL_CONVERSION = YES;
				CLANG_WARN_COMMA = YES;
				CLANG_WARN_CONSTANT_CONVERSION = YES;
				CLANG_WARN_DEPRECATED_OBJC_IMPLEMENTATIONS = YES;
				CLANG_WARN_DIRECT_OBJC_ISA_USAGE = YES_ERROR;
				CLANG_WARN_DOCUMENTATION_COMMENTS = YES;
				CLANG_WARN_EMPTY_BODY = YES;
				CLANG_WARN_ENUM_CONVERSION = YES;
				CLANG_WARN_INFINITE_RECURSION = YES;
				CLANG_WARN_INT_CONVERSION = YES;
				CLANG_WARN_NON_LITERAL_NULL_CONVERSION = YES;
				CLANG_WARN_OBJC_IMPLICIT_RETAIN_SELF = YES;
				CLANG_WARN_OBJC_LITERAL_CONVERSION = YES;
				CLANG_WARN_OBJC_ROOT_CLASS = YES_ERROR;
				CLANG_WARN_QUOTED_INCLUDE_IN_FRAMEWORK_HEADER = YES;
				CLANG_WARN_RANGE_LOOP_ANALYSIS = YES;
				CLANG_WARN_STRICT_PROTOTYPES = YES;
				CLANG_WARN_SUSPICIOUS_MOVE = YES;
				CLANG_WARN_UNGUARDED_AVAILABILITY = YES_AGGRESSIVE;
				CLANG_WARN_UNREACHABLE_CODE = YES;
				CLANG_WARN__DUPLICATE_METHOD_MATCH = YES;
				COPY_PHASE_STRIP = NO;
				DEBUG_INFORMATION_FORMAT = dwarf;
				ENABLE_STRICT_OBJC_MSGSEND = YES;
				ENABLE_TESTABILITY = YES;
				GCC_C_LANGUAGE_STANDARD = gnu11;
				GCC_DYNAMIC_NO_PIC = NO;
				GCC_NO_COMMON_BLOCKS = YES;
				GCC_OPTIMIZATION_LEVEL = 0;
				GCC_PREPROCESSOR_DEFINITIONS = (
					"DEBUG=1",
					"$(inherited)",
				);
				GCC_WARN_64_TO_32_BIT_CONVERSION = YES;
				GCC_WARN_ABOUT_RETURN_TYPE = YES_ERROR;
				GCC_WARN_UNDECLARED_SELECTOR = YES;
				GCC_WARN_UNINITIALIZED_AUTOS = YES_AGGRESSIVE;
				GCC_WARN_UNUSED_FUNCTION = YES;
				GCC_WARN_UNUSED_VARIABLE = YES;
				IPHONEOS_DEPLOYMENT_TARGET = 14.5;
				MTL_ENABLE_DEBUG_INFO = INCLUDE_SOURCE;
				MTL_FAST_MATH = YES;
				ONLY_ACTIVE_ARCH = YES;
				SDKROOT = iphoneos;
				SWIFT_ACTIVE_COMPILATION_CONDITIONS = DEBUG;
				SWIFT_OPTIMIZATION_LEVEL = "-Onone";
			};
			name = Debug;
		};
		D01576B626C5D2DC0024D902 /* Release */ = {
			isa = XCBuildConfiguration;
			buildSettings = {
				ALWAYS_SEARCH_USER_PATHS = NO;
				CLANG_ANALYZER_NONNULL = YES;
				CLANG_ANALYZER_NUMBER_OBJECT_CONVERSION = YES_AGGRESSIVE;
				CLANG_CXX_LANGUAGE_STANDARD = "gnu++14";
				CLANG_CXX_LIBRARY = "libc++";
				CLANG_ENABLE_MODULES = YES;
				CLANG_ENABLE_OBJC_ARC = YES;
				CLANG_ENABLE_OBJC_WEAK = YES;
				CLANG_WARN_BLOCK_CAPTURE_AUTORELEASING = YES;
				CLANG_WARN_BOOL_CONVERSION = YES;
				CLANG_WARN_COMMA = YES;
				CLANG_WARN_CONSTANT_CONVERSION = YES;
				CLANG_WARN_DEPRECATED_OBJC_IMPLEMENTATIONS = YES;
				CLANG_WARN_DIRECT_OBJC_ISA_USAGE = YES_ERROR;
				CLANG_WARN_DOCUMENTATION_COMMENTS = YES;
				CLANG_WARN_EMPTY_BODY = YES;
				CLANG_WARN_ENUM_CONVERSION = YES;
				CLANG_WARN_INFINITE_RECURSION = YES;
				CLANG_WARN_INT_CONVERSION = YES;
				CLANG_WARN_NON_LITERAL_NULL_CONVERSION = YES;
				CLANG_WARN_OBJC_IMPLICIT_RETAIN_SELF = YES;
				CLANG_WARN_OBJC_LITERAL_CONVERSION = YES;
				CLANG_WARN_OBJC_ROOT_CLASS = YES_ERROR;
				CLANG_WARN_QUOTED_INCLUDE_IN_FRAMEWORK_HEADER = YES;
				CLANG_WARN_RANGE_LOOP_ANALYSIS = YES;
				CLANG_WARN_STRICT_PROTOTYPES = YES;
				CLANG_WARN_SUSPICIOUS_MOVE = YES;
				CLANG_WARN_UNGUARDED_AVAILABILITY = YES_AGGRESSIVE;
				CLANG_WARN_UNREACHABLE_CODE = YES;
				CLANG_WARN__DUPLICATE_METHOD_MATCH = YES;
				COPY_PHASE_STRIP = NO;
				DEBUG_INFORMATION_FORMAT = "dwarf-with-dsym";
				ENABLE_NS_ASSERTIONS = NO;
				ENABLE_STRICT_OBJC_MSGSEND = YES;
				GCC_C_LANGUAGE_STANDARD = gnu11;
				GCC_NO_COMMON_BLOCKS = YES;
				GCC_WARN_64_TO_32_BIT_CONVERSION = YES;
				GCC_WARN_ABOUT_RETURN_TYPE = YES_ERROR;
				GCC_WARN_UNDECLARED_SELECTOR = YES;
				GCC_WARN_UNINITIALIZED_AUTOS = YES_AGGRESSIVE;
				GCC_WARN_UNUSED_FUNCTION = YES;
				GCC_WARN_UNUSED_VARIABLE = YES;
				IPHONEOS_DEPLOYMENT_TARGET = 14.5;
				MTL_ENABLE_DEBUG_INFO = NO;
				MTL_FAST_MATH = YES;
				SDKROOT = iphoneos;
				SWIFT_COMPILATION_MODE = wholemodule;
				SWIFT_OPTIMIZATION_LEVEL = "-O";
				VALIDATE_PRODUCT = YES;
			};
			name = Release;
		};
		D01576B826C5D2DC0024D902 /* Debug */ = {
			isa = XCBuildConfiguration;
			buildSettings = {
				ASSETCATALOG_COMPILER_APPICON_NAME = AppIcon;
				ASSETCATALOG_COMPILER_GLOBAL_ACCENT_COLOR_NAME = AccentColor;
				CODE_SIGN_STYLE = Automatic;
				INFOPLIST_FILE = CoffeeCoShifts/Info.plist;
				LD_RUNPATH_SEARCH_PATHS = (
					"$(inherited)",
					"@executable_path/Frameworks",
				);
				PRODUCT_BUNDLE_IDENTIFIER = mina.CoffeeCoShifts;
				PRODUCT_NAME = "$(TARGET_NAME)";
				SWIFT_VERSION = 5.0;
				TARGETED_DEVICE_FAMILY = "1,2";
			};
			name = Debug;
		};
		D01576B926C5D2DC0024D902 /* Release */ = {
			isa = XCBuildConfiguration;
			buildSettings = {
				ASSETCATALOG_COMPILER_APPICON_NAME = AppIcon;
				ASSETCATALOG_COMPILER_GLOBAL_ACCENT_COLOR_NAME = AccentColor;
				CODE_SIGN_STYLE = Automatic;
				INFOPLIST_FILE = CoffeeCoShifts/Info.plist;
				LD_RUNPATH_SEARCH_PATHS = (
					"$(inherited)",
					"@executable_path/Frameworks",
				);
				PRODUCT_BUNDLE_IDENTIFIER = mina.CoffeeCoShifts;
				PRODUCT_NAME = "$(TARGET_NAME)";
				SWIFT_VERSION = 5.0;
				TARGETED_DEVICE_FAMILY = "1,2";
			};
			name = Release;
		};
		D01576BB26C5D2DC0024D902 /* Debug */ = {
			isa = XCBuildConfiguration;
			buildSettings = {
				ALWAYS_EMBED_SWIFT_STANDARD_LIBRARIES = YES;
				BUNDLE_LOADER = "$(TEST_HOST)";
				CODE_SIGN_STYLE = Automatic;
				INFOPLIST_FILE = CoffeeCoShiftsTests/Info.plist;
				IPHONEOS_DEPLOYMENT_TARGET = 14.5;
				LD_RUNPATH_SEARCH_PATHS = (
					"$(inherited)",
					"@executable_path/Frameworks",
					"@loader_path/Frameworks",
				);
				PRODUCT_BUNDLE_IDENTIFIER = mina.CoffeeCoShiftsTests;
				PRODUCT_NAME = "$(TARGET_NAME)";
				SWIFT_VERSION = 5.0;
				TARGETED_DEVICE_FAMILY = "1,2";
				TEST_HOST = "$(BUILT_PRODUCTS_DIR)/CoffeeCoShifts.app/CoffeeCoShifts";
			};
			name = Debug;
		};
		D01576BC26C5D2DC0024D902 /* Release */ = {
			isa = XCBuildConfiguration;
			buildSettings = {
				ALWAYS_EMBED_SWIFT_STANDARD_LIBRARIES = YES;
				BUNDLE_LOADER = "$(TEST_HOST)";
				CODE_SIGN_STYLE = Automatic;
				INFOPLIST_FILE = CoffeeCoShiftsTests/Info.plist;
				IPHONEOS_DEPLOYMENT_TARGET = 14.5;
				LD_RUNPATH_SEARCH_PATHS = (
					"$(inherited)",
					"@executable_path/Frameworks",
					"@loader_path/Frameworks",
				);
				PRODUCT_BUNDLE_IDENTIFIER = mina.CoffeeCoShiftsTests;
				PRODUCT_NAME = "$(TARGET_NAME)";
				SWIFT_VERSION = 5.0;
				TARGETED_DEVICE_FAMILY = "1,2";
				TEST_HOST = "$(BUILT_PRODUCTS_DIR)/CoffeeCoShifts.app/CoffeeCoShifts";
			};
			name = Release;
		};
		D01576BE26C5D2DC0024D902 /* Debug */ = {
			isa = XCBuildConfiguration;
			buildSettings = {
				ALWAYS_EMBED_SWIFT_STANDARD_LIBRARIES = YES;
				CODE_SIGN_STYLE = Automatic;
				INFOPLIST_FILE = CoffeeCoShiftsUITests/Info.plist;
				LD_RUNPATH_SEARCH_PATHS = (
					"$(inherited)",
					"@executable_path/Frameworks",
					"@loader_path/Frameworks",
				);
				PRODUCT_BUNDLE_IDENTIFIER = mina.CoffeeCoShiftsUITests;
				PRODUCT_NAME = "$(TARGET_NAME)";
				SWIFT_VERSION = 5.0;
				TARGETED_DEVICE_FAMILY = "1,2";
				TEST_TARGET_NAME = CoffeeCoShifts;
			};
			name = Debug;
		};
		D01576BF26C5D2DC0024D902 /* Release */ = {
			isa = XCBuildConfiguration;
			buildSettings = {
				ALWAYS_EMBED_SWIFT_STANDARD_LIBRARIES = YES;
				CODE_SIGN_STYLE = Automatic;
				INFOPLIST_FILE = CoffeeCoShiftsUITests/Info.plist;
				LD_RUNPATH_SEARCH_PATHS = (
					"$(inherited)",
					"@executable_path/Frameworks",
					"@loader_path/Frameworks",
				);
				PRODUCT_BUNDLE_IDENTIFIER = mina.CoffeeCoShiftsUITests;
				PRODUCT_NAME = "$(TARGET_NAME)";
				SWIFT_VERSION = 5.0;
				TARGETED_DEVICE_FAMILY = "1,2";
				TEST_TARGET_NAME = CoffeeCoShifts;
			};
			name = Release;
		};
/* End XCBuildConfiguration section */

/* Begin XCConfigurationList section */
		D015768826C5D2DA0024D902 /* Build configuration list for PBXProject "CoffeeCoShifts" */ = {
			isa = XCConfigurationList;
			buildConfigurations = (
				D01576B526C5D2DC0024D902 /* Debug */,
				D01576B626C5D2DC0024D902 /* Release */,
			);
			defaultConfigurationIsVisible = 0;
			defaultConfigurationName = Release;
		};
		D01576B726C5D2DC0024D902 /* Build configuration list for PBXNativeTarget "CoffeeCoShifts" */ = {
			isa = XCConfigurationList;
			buildConfigurations = (
				D01576B826C5D2DC0024D902 /* Debug */,
				D01576B926C5D2DC0024D902 /* Release */,
			);
			defaultConfigurationIsVisible = 0;
			defaultConfigurationName = Release;
		};
		D01576BA26C5D2DC0024D902 /* Build configuration list for PBXNativeTarget "CoffeeCoShiftsTests" */ = {
			isa = XCConfigurationList;
			buildConfigurations = (
				D01576BB26C5D2DC0024D902 /* Debug */,
				D01576BC26C5D2DC0024D902 /* Release */,
			);
			defaultConfigurationIsVisible = 0;
			defaultConfigurationName = Release;
		};
		D01576BD26C5D2DC0024D902 /* Build configuration list for PBXNativeTarget "CoffeeCoShiftsUITests" */ = {
			isa = XCConfigurationList;
			buildConfigurations = (
				D01576BE26C5D2DC0024D902 /* Debug */,
				D01576BF26C5D2DC0024D902 /* Release */,
			);
			defaultConfigurationIsVisible = 0;
			defaultConfigurationName = Release;
		};
/* End XCConfigurationList section */
	};
	rootObject = D015768526C5D2DA0024D902 /* Project object */;
}
